
Microsoft Visual Studio Solution File, Format Version 12.00
# Visual Studio Version 17
VisualStudioVersion = 17.3.32929.385
MinimumVisualStudioVersion = 10.0.40219.1
Project("{FAE04EC0-301F-11D3-BF4B-00C04F79EFBC}") = "UIfourmApp", "UIfourmApp\UIfourmApp.csproj", "{DF1A26E8-74A6-4E81-BCD3-19A800535261}"
EndProject
Project("{FAE04EC0-301F-11D3-BF4B-00C04F79EFBC}") = "FourmApplication.DataModel", "FourmApplication.DataModel\FourmApplication.DataModel.csproj", "{711AD189-EC6C-4AAA-9DD0-67EED0FF193C}"
EndProject
Project("{FAE04EC0-301F-11D3-BF4B-00C04F79EFBC}") = "FourmApplication.Repositary", "FourmApplication.Repositary\FourmApplication.Repositary.csproj", "{EFF50DC4-C4AD-4237-AB71-6702A211A587}"
EndProject
Project("{FAE04EC0-301F-11D3-BF4B-00C04F79EFBC}") = "FourmApplication.ServiceLayer", "FourmApplication.ServiceLayer\FourmApplication.ServiceLayer.csproj", "{F75B2DE1-0DA7-429F-9237-A388F7E09482}"
EndProject
Project("{FAE04EC0-301F-11D3-BF4B-00C04F79EFBC}") = "FourmApplications.ViewModel", "FourmApplications.ViewModel\FourmApplications.ViewModel.csproj", "{2432AFD8-F8D5-43E8-9DD6-AE15F96E7413}"
EndProject
Global
	GlobalSection(SolutionConfigurationPlatforms) = preSolution
		Debug|Any CPU = Debug|Any CPU
		Release|Any CPU = Release|Any CPU
	EndGlobalSection
	GlobalSection(ProjectConfigurationPlatforms) = postSolution
		{DF1A26E8-74A6-4E81-BCD3-19A800535261}.Debug|Any CPU.ActiveCfg = Debug|Any CPU
		{DF1A26E8-74A6-4E81-BCD3-19A800535261}.Debug|Any CPU.Build.0 = Debug|Any CPU
		{DF1A26E8-74A6-4E81-BCD3-19A800535261}.Release|Any CPU.ActiveCfg = Release|Any CPU
		{DF1A26E8-74A6-4E81-BCD3-19A800535261}.Release|Any CPU.Build.0 = Release|Any CPU
		{711AD189-EC6C-4AAA-9DD0-67EED0FF193C}.Debug|Any CPU.ActiveCfg = Debug|Any CPU
		{711AD189-EC6C-4AAA-9DD0-67EED0FF193C}.Debug|Any CPU.Build.0 = Debug|Any CPU
		{711AD189-EC6C-4AAA-9DD0-67EED0FF193C}.Release|Any CPU.ActiveCfg = Release|Any CPU
		{711AD189-EC6C-4AAA-9DD0-67EED0FF193C}.Release|Any CPU.Build.0 = Release|Any CPU
		{EFF50DC4-C4AD-4237-AB71-6702A211A587}.Debug|Any CPU.ActiveCfg = Debug|Any CPU
		{EFF50DC4-C4AD-4237-AB71-6702A211A587}.Debug|Any CPU.Build.0 = Debug|Any CPU
		{EFF50DC4-C4AD-4237-AB71-6702A211A587}.Release|Any CPU.ActiveCfg = Release|Any CPU
		{EFF50DC4-C4AD-4237-AB71-6702A211A587}.Release|Any CPU.Build.0 = Release|Any CPU
		{F75B2DE1-0DA7-429F-9237-A388F7E09482}.Debug|Any CPU.ActiveCfg = Debug|Any CPU
		{F75B2DE1-0DA7-429F-9237-A388F7E09482}.Debug|Any CPU.Build.0 = Debug|Any CPU
		{F75B2DE1-0DA7-429F-9237-A388F7E09482}.Release|Any CPU.ActiveCfg = Release|Any CPU
		{F75B2DE1-0DA7-429F-9237-A388F7E09482}.Release|Any CPU.Build.0 = Release|Any CPU
		{2432AFD8-F8D5-43E8-9DD6-AE15F96E7413}.Debug|Any CPU.ActiveCfg = Debug|Any CPU
		{2432AFD8-F8D5-43E8-9DD6-AE15F96E7413}.Debug|Any CPU.Build.0 = Debug|Any CPU
		{2432AFD8-F8D5-43E8-9DD6-AE15F96E7413}.Release|Any CPU.ActiveCfg = Release|Any CPU
		{2432AFD8-F8D5-43E8-9DD6-AE15F96E7413}.Release|Any CPU.Build.0 = Release|Any CPU
	EndGlobalSection
	GlobalSection(SolutionProperties) = preSolution
		HideSolutionNode = FALSE
	EndGlobalSection
	GlobalSection(ExtensibilityGlobals) = postSolution
		SolutionGuid = {BA83DC47-1EF9-43EC-B736-DB6EC3DDBAF2}
	EndGlobalSection
EndGlobal
